// !$*UTF8*$!
{
	archiveVersion = 1;
	classes = {
	};
	objectVersion = 46;
	objects = {

/* Begin PBXBuildFile section */
		6DB5B21C193CE78F0028AE8B /* PerfilViewController.m in Sources */ = {isa = PBXBuildFile; fileRef = 6DB5B21A193CE78F0028AE8B /* PerfilViewController.m */; };
		6DB5B21D193CE78F0028AE8B /* PerfilViewController.xib in Resources */ = {isa = PBXBuildFile; fileRef = 6DB5B21B193CE78F0028AE8B /* PerfilViewController.xib */; };
		6DB5B221193CECB30028AE8B /* AtividadesViewController.m in Sources */ = {isa = PBXBuildFile; fileRef = 6DB5B21F193CECB30028AE8B /* AtividadesViewController.m */; };
		6DB5B222193CECB30028AE8B /* AtividadesViewController.xib in Resources */ = {isa = PBXBuildFile; fileRef = 6DB5B220193CECB30028AE8B /* AtividadesViewController.xib */; };
		6DB5B226193CEDEA0028AE8B /* RecompensasViewController.m in Sources */ = {isa = PBXBuildFile; fileRef = 6DB5B224193CEDEA0028AE8B /* RecompensasViewController.m */; };
		6DB5B227193CEDEA0028AE8B /* RecompensasViewController.xib in Resources */ = {isa = PBXBuildFile; fileRef = 6DB5B225193CEDEA0028AE8B /* RecompensasViewController.xib */; };
		6DE8253519366304000EDC72 /* Foundation.framework in Frameworks */ = {isa = PBXBuildFile; fileRef = 6DE8253419366304000EDC72 /* Foundation.framework */; };
		6DE8253719366304000EDC72 /* CoreGraphics.framework in Frameworks */ = {isa = PBXBuildFile; fileRef = 6DE8253619366304000EDC72 /* CoreGraphics.framework */; };
		6DE8253919366304000EDC72 /* UIKit.framework in Frameworks */ = {isa = PBXBuildFile; fileRef = 6DE8253819366304000EDC72 /* UIKit.framework */; };
		6DE8253F19366304000EDC72 /* InfoPlist.strings in Resources */ = {isa = PBXBuildFile; fileRef = 6DE8253D19366304000EDC72 /* InfoPlist.strings */; };
		6DE8254119366304000EDC72 /* main.m in Sources */ = {isa = PBXBuildFile; fileRef = 6DE8254019366304000EDC72 /* main.m */; };
		6DE8254519366304000EDC72 /* AppDelegate.m in Sources */ = {isa = PBXBuildFile; fileRef = 6DE8254419366304000EDC72 /* AppDelegate.m */; };
		6DE8254719366304000EDC72 /* Images.xcassets in Resources */ = {isa = PBXBuildFile; fileRef = 6DE8254619366304000EDC72 /* Images.xcassets */; };
		6DE8254E19366304000EDC72 /* XCTest.framework in Frameworks */ = {isa = PBXBuildFile; fileRef = 6DE8254D19366304000EDC72 /* XCTest.framework */; };
		6DE8254F19366304000EDC72 /* Foundation.framework in Frameworks */ = {isa = PBXBuildFile; fileRef = 6DE8253419366304000EDC72 /* Foundation.framework */; };
		6DE8255019366304000EDC72 /* UIKit.framework in Frameworks */ = {isa = PBXBuildFile; fileRef = 6DE8253819366304000EDC72 /* UIKit.framework */; };
		6DE8255819366304000EDC72 /* InfoPlist.strings in Resources */ = {isa = PBXBuildFile; fileRef = 6DE8255619366304000EDC72 /* InfoPlist.strings */; };
		6DE8255A19366304000EDC72 /* Game_of_LifeTests.m in Sources */ = {isa = PBXBuildFile; fileRef = 6DE8255919366304000EDC72 /* Game_of_LifeTests.m */; };
		878D08F01937D48100D40F7E /* botão 1 atividades.png in Resources */ = {isa = PBXBuildFile; fileRef = 878D08E81937D48100D40F7E /* botão 1 atividades.png */; };
		878D08F11937D48100D40F7E /* botão 1 perfil.png in Resources */ = {isa = PBXBuildFile; fileRef = 878D08E91937D48100D40F7E /* botão 1 perfil.png */; };
		878D08F21937D48100D40F7E /* botão 1 recompensas.png in Resources */ = {isa = PBXBuildFile; fileRef = 878D08EA1937D48100D40F7E /* botão 1 recompensas.png */; };
		878D08F31937D48100D40F7E /* Botão 1 ver conquistas.png in Resources */ = {isa = PBXBuildFile; fileRef = 878D08EB1937D48100D40F7E /* Botão 1 ver conquistas.png */; };
		878D08F41937D48100D40F7E /* botão começar.png in Resources */ = {isa = PBXBuildFile; fileRef = 878D08EC1937D48100D40F7E /* botão começar.png */; };
		878D08F51937D48100D40F7E /* foto.png in Resources */ = {isa = PBXBuildFile; fileRef = 878D08ED1937D48100D40F7E /* foto.png */; };
		878D08F61937D48100D40F7E /* fundo.png in Resources */ = {isa = PBXBuildFile; fileRef = 878D08EE1937D48100D40F7E /* fundo.png */; };
		878D08F71937D48100D40F7E /* titulo conquistas.png in Resources */ = {isa = PBXBuildFile; fileRef = 878D08EF1937D48100D40F7E /* titulo conquistas.png */; };
/* End PBXBuildFile section */

/* Begin PBXContainerItemProxy section */
		6DE8255119366304000EDC72 /* PBXContainerItemProxy */ = {
			isa = PBXContainerItemProxy;
			containerPortal = 6DE8252919366304000EDC72 /* Project object */;
			proxyType = 1;
			remoteGlobalIDString = 6DE8253019366304000EDC72;
			remoteInfo = Game_of_Life;
		};
/* End PBXContainerItemProxy section */

/* Begin PBXFileReference section */
		6DB5B219193CE78F0028AE8B /* PerfilViewController.h */ = {isa = PBXFileReference; fileEncoding = 4; lastKnownFileType = sourcecode.c.h; path = PerfilViewController.h; sourceTree = "<group>"; };
		6DB5B21A193CE78F0028AE8B /* PerfilViewController.m */ = {isa = PBXFileReference; fileEncoding = 4; lastKnownFileType = sourcecode.c.objc; path = PerfilViewController.m; sourceTree = "<group>"; };
		6DB5B21B193CE78F0028AE8B /* PerfilViewController.xib */ = {isa = PBXFileReference; fileEncoding = 4; lastKnownFileType = file.xib; path = PerfilViewController.xib; sourceTree = "<group>"; };
		6DB5B21E193CECB30028AE8B /* AtividadesViewController.h */ = {isa = PBXFileReference; fileEncoding = 4; lastKnownFileType = sourcecode.c.h; path = AtividadesViewController.h; sourceTree = "<group>"; };
		6DB5B21F193CECB30028AE8B /* AtividadesViewController.m */ = {isa = PBXFileReference; fileEncoding = 4; lastKnownFileType = sourcecode.c.objc; path = AtividadesViewController.m; sourceTree = "<group>"; };
		6DB5B220193CECB30028AE8B /* AtividadesViewController.xib */ = {isa = PBXFileReference; fileEncoding = 4; lastKnownFileType = file.xib; path = AtividadesViewController.xib; sourceTree = "<group>"; };
		6DB5B223193CEDEA0028AE8B /* RecompensasViewController.h */ = {isa = PBXFileReference; fileEncoding = 4; lastKnownFileType = sourcecode.c.h; path = RecompensasViewController.h; sourceTree = "<group>"; };
		6DB5B224193CEDEA0028AE8B /* RecompensasViewController.m */ = {isa = PBXFileReference; fileEncoding = 4; lastKnownFileType = sourcecode.c.objc; path = RecompensasViewController.m; sourceTree = "<group>"; };
		6DB5B225193CEDEA0028AE8B /* RecompensasViewController.xib */ = {isa = PBXFileReference; fileEncoding = 4; lastKnownFileType = file.xib; path = RecompensasViewController.xib; sourceTree = "<group>"; };
		6DE8253119366304000EDC72 /* Game_of_Life.app */ = {isa = PBXFileReference; explicitFileType = wrapper.application; includeInIndex = 0; path = Game_of_Life.app; sourceTree = BUILT_PRODUCTS_DIR; };
		6DE8253419366304000EDC72 /* Foundation.framework */ = {isa = PBXFileReference; lastKnownFileType = wrapper.framework; name = Foundation.framework; path = System/Library/Frameworks/Foundation.framework; sourceTree = SDKROOT; };
		6DE8253619366304000EDC72 /* CoreGraphics.framework */ = {isa = PBXFileReference; lastKnownFileType = wrapper.framework; name = CoreGraphics.framework; path = System/Library/Frameworks/CoreGraphics.framework; sourceTree = SDKROOT; };
		6DE8253819366304000EDC72 /* UIKit.framework */ = {isa = PBXFileReference; lastKnownFileType = wrapper.framework; name = UIKit.framework; path = System/Library/Frameworks/UIKit.framework; sourceTree = SDKROOT; };
		6DE8253C19366304000EDC72 /* Game_of_Life-Info.plist */ = {isa = PBXFileReference; lastKnownFileType = text.plist.xml; path = "Game_of_Life-Info.plist"; sourceTree = "<group>"; };
		6DE8253E19366304000EDC72 /* en */ = {isa = PBXFileReference; lastKnownFileType = text.plist.strings; name = en; path = en.lproj/InfoPlist.strings; sourceTree = "<group>"; };
		6DE8254019366304000EDC72 /* main.m */ = {isa = PBXFileReference; lastKnownFileType = sourcecode.c.objc; path = main.m; sourceTree = "<group>"; };
		6DE8254219366304000EDC72 /* Game_of_Life-Prefix.pch */ = {isa = PBXFileReference; lastKnownFileType = sourcecode.c.h; path = "Game_of_Life-Prefix.pch"; sourceTree = "<group>"; };
		6DE8254319366304000EDC72 /* AppDelegate.h */ = {isa = PBXFileReference; lastKnownFileType = sourcecode.c.h; path = AppDelegate.h; sourceTree = "<group>"; };
		6DE8254419366304000EDC72 /* AppDelegate.m */ = {isa = PBXFileReference; lastKnownFileType = sourcecode.c.objc; path = AppDelegate.m; sourceTree = "<group>"; };
		6DE8254619366304000EDC72 /* Images.xcassets */ = {isa = PBXFileReference; lastKnownFileType = folder.assetcatalog; path = Images.xcassets; sourceTree = "<group>"; };
		6DE8254C19366304000EDC72 /* Game_of_LifeTests.xctest */ = {isa = PBXFileReference; explicitFileType = wrapper.cfbundle; includeInIndex = 0; path = Game_of_LifeTests.xctest; sourceTree = BUILT_PRODUCTS_DIR; };
		6DE8254D19366304000EDC72 /* XCTest.framework */ = {isa = PBXFileReference; lastKnownFileType = wrapper.framework; name = XCTest.framework; path = Library/Frameworks/XCTest.framework; sourceTree = DEVELOPER_DIR; };
		6DE8255519366304000EDC72 /* Game_of_LifeTests-Info.plist */ = {isa = PBXFileReference; lastKnownFileType = text.plist.xml; path = "Game_of_LifeTests-Info.plist"; sourceTree = "<group>"; };
		6DE8255719366304000EDC72 /* en */ = {isa = PBXFileReference; lastKnownFileType = text.plist.strings; name = en; path = en.lproj/InfoPlist.strings; sourceTree = "<group>"; };
		6DE8255919366304000EDC72 /* Game_of_LifeTests.m */ = {isa = PBXFileReference; lastKnownFileType = sourcecode.c.objc; path = Game_of_LifeTests.m; sourceTree = "<group>"; };
		878D08E81937D48100D40F7E /* botão 1 atividades.png */ = {isa = PBXFileReference; lastKnownFileType = image.png; path = "botão 1 atividades.png"; sourceTree = "<group>"; };
		878D08E91937D48100D40F7E /* botão 1 perfil.png */ = {isa = PBXFileReference; lastKnownFileType = image.png; path = "botão 1 perfil.png"; sourceTree = "<group>"; };
		878D08EA1937D48100D40F7E /* botão 1 recompensas.png */ = {isa = PBXFileReference; lastKnownFileType = image.png; path = "botão 1 recompensas.png"; sourceTree = "<group>"; };
		878D08EB1937D48100D40F7E /* Botão 1 ver conquistas.png */ = {isa = PBXFileReference; lastKnownFileType = image.png; path = "Botão 1 ver conquistas.png"; sourceTree = "<group>"; };
		878D08EC1937D48100D40F7E /* botão começar.png */ = {isa = PBXFileReference; lastKnownFileType = image.png; path = "botão começar.png"; sourceTree = "<group>"; };
		878D08ED1937D48100D40F7E /* foto.png */ = {isa = PBXFileReference; lastKnownFileType = image.png; path = foto.png; sourceTree = "<group>"; };
		878D08EE1937D48100D40F7E /* fundo.png */ = {isa = PBXFileReference; lastKnownFileType = image.png; path = fundo.png; sourceTree = "<group>"; };
		878D08EF1937D48100D40F7E /* titulo conquistas.png */ = {isa = PBXFileReference; lastKnownFileType = image.png; path = "titulo conquistas.png"; sourceTree = "<group>"; };
/* End PBXFileReference section */

/* Begin PBXFrameworksBuildPhase section */
		6DE8252E19366304000EDC72 /* Frameworks */ = {
			isa = PBXFrameworksBuildPhase;
			buildActionMask = 2147483647;
			files = (
				6DE8253719366304000EDC72 /* CoreGraphics.framework in Frameworks */,
				6DE8253919366304000EDC72 /* UIKit.framework in Frameworks */,
				6DE8253519366304000EDC72 /* Foundation.framework in Frameworks */,
			);
			runOnlyForDeploymentPostprocessing = 0;
		};
		6DE8254919366304000EDC72 /* Frameworks */ = {
			isa = PBXFrameworksBuildPhase;
			buildActionMask = 2147483647;
			files = (
				6DE8254E19366304000EDC72 /* XCTest.framework in Frameworks */,
				6DE8255019366304000EDC72 /* UIKit.framework in Frameworks */,
				6DE8254F19366304000EDC72 /* Foundation.framework in Frameworks */,
			);
			runOnlyForDeploymentPostprocessing = 0;
		};
/* End PBXFrameworksBuildPhase section */

/* Begin PBXGroup section */
		6DE8252819366304000EDC72 = {
			isa = PBXGroup;
			children = (
				6DE8253A19366304000EDC72 /* Game_of_Life */,
				6DE8255319366304000EDC72 /* Game_of_LifeTests */,
				6DE8253319366304000EDC72 /* Frameworks */,
				6DE8253219366304000EDC72 /* Products */,
			);
			sourceTree = "<group>";
		};
		6DE8253219366304000EDC72 /* Products */ = {
			isa = PBXGroup;
			children = (
				6DE8253119366304000EDC72 /* Game_of_Life.app */,
				6DE8254C19366304000EDC72 /* Game_of_LifeTests.xctest */,
			);
			name = Products;
			sourceTree = "<group>";
		};
		6DE8253319366304000EDC72 /* Frameworks */ = {
			isa = PBXGroup;
			children = (
				6DE8253419366304000EDC72 /* Foundation.framework */,
				6DE8253619366304000EDC72 /* CoreGraphics.framework */,
				6DE8253819366304000EDC72 /* UIKit.framework */,
				6DE8254D19366304000EDC72 /* XCTest.framework */,
			);
			name = Frameworks;
			sourceTree = "<group>";
		};
		6DE8253A19366304000EDC72 /* Game_of_Life */ = {
			isa = PBXGroup;
			children = (
				6DE8254319366304000EDC72 /* AppDelegate.h */,
				6DE8254419366304000EDC72 /* AppDelegate.m */,
				6DE8254619366304000EDC72 /* Images.xcassets */,
				878D08E71937D48100D40F7E /* Imagens */,
				6DE8253B19366304000EDC72 /* Supporting Files */,
			);
			path = Game_of_Life;
			sourceTree = "<group>";
		};
		6DE8253B19366304000EDC72 /* Supporting Files */ = {
			isa = PBXGroup;
			children = (
				6DB5B219193CE78F0028AE8B /* PerfilViewController.h */,
				6DB5B21A193CE78F0028AE8B /* PerfilViewController.m */,
				6DB5B21B193CE78F0028AE8B /* PerfilViewController.xib */,
				6DE8253C19366304000EDC72 /* Game_of_Life-Info.plist */,
				6DE8253D19366304000EDC72 /* InfoPlist.strings */,
				6DE8254019366304000EDC72 /* main.m */,
				6DE8254219366304000EDC72 /* Game_of_Life-Prefix.pch */,
				6DB5B21E193CECB30028AE8B /* AtividadesViewController.h */,
				6DB5B21F193CECB30028AE8B /* AtividadesViewController.m */,
				6DB5B220193CECB30028AE8B /* AtividadesViewController.xib */,
				6DB5B223193CEDEA0028AE8B /* RecompensasViewController.h */,
				6DB5B224193CEDEA0028AE8B /* RecompensasViewController.m */,
				6DB5B225193CEDEA0028AE8B /* RecompensasViewController.xib */,
			);
			name = "Supporting Files";
			sourceTree = "<group>";
		};
		6DE8255319366304000EDC72 /* Game_of_LifeTests */ = {
			isa = PBXGroup;
			children = (
				6DE8255919366304000EDC72 /* Game_of_LifeTests.m */,
				6DE8255419366304000EDC72 /* Supporting Files */,
			);
			path = Game_of_LifeTests;
			sourceTree = "<group>";
		};
		6DE8255419366304000EDC72 /* Supporting Files */ = {
			isa = PBXGroup;
			children = (
				6DE8255519366304000EDC72 /* Game_of_LifeTests-Info.plist */,
				6DE8255619366304000EDC72 /* InfoPlist.strings */,
			);
			name = "Supporting Files";
			sourceTree = "<group>";
		};
		878D08E71937D48100D40F7E /* Imagens */ = {
			isa = PBXGroup;
			children = (
				878D08E81937D48100D40F7E /* botão 1 atividades.png */,
				878D08E91937D48100D40F7E /* botão 1 perfil.png */,
				878D08EA1937D48100D40F7E /* botão 1 recompensas.png */,
				878D08EB1937D48100D40F7E /* Botão 1 ver conquistas.png */,
				878D08EC1937D48100D40F7E /* botão começar.png */,
				878D08ED1937D48100D40F7E /* foto.png */,
				878D08EE1937D48100D40F7E /* fundo.png */,
				878D08EF1937D48100D40F7E /* titulo conquistas.png */,
			);
			path = Imagens;
			sourceTree = SOURCE_ROOT;
		};
/* End PBXGroup section */

/* Begin PBXNativeTarget section */
		6DE8253019366304000EDC72 /* Game_of_Life */ = {
			isa = PBXNativeTarget;
			buildConfigurationList = 6DE8255D19366304000EDC72 /* Build configuration list for PBXNativeTarget "Game_of_Life" */;
			buildPhases = (
				6DE8252D19366304000EDC72 /* Sources */,
				6DE8252E19366304000EDC72 /* Frameworks */,
				6DE8252F19366304000EDC72 /* Resources */,
			);
			buildRules = (
			);
			dependencies = (
			);
			name = Game_of_Life;
			productName = Game_of_Life;
			productReference = 6DE8253119366304000EDC72 /* Game_of_Life.app */;
			productType = "com.apple.product-type.application";
		};
		6DE8254B19366304000EDC72 /* Game_of_LifeTests */ = {
			isa = PBXNativeTarget;
			buildConfigurationList = 6DE8256019366304000EDC72 /* Build configuration list for PBXNativeTarget "Game_of_LifeTests" */;
			buildPhases = (
				6DE8254819366304000EDC72 /* Sources */,
				6DE8254919366304000EDC72 /* Frameworks */,
				6DE8254A19366304000EDC72 /* Resources */,
			);
			buildRules = (
			);
			dependencies = (
				6DE8255219366304000EDC72 /* PBXTargetDependency */,
			);
			name = Game_of_LifeTests;
			productName = Game_of_LifeTests;
			productReference = 6DE8254C19366304000EDC72 /* Game_of_LifeTests.xctest */;
			productType = "com.apple.product-type.bundle.unit-test";
		};
/* End PBXNativeTarget section */

/* Begin PBXProject section */
		6DE8252919366304000EDC72 /* Project object */ = {
			isa = PBXProject;
			attributes = {
				LastUpgradeCheck = 0510;
				ORGANIZATIONNAME = "Levi Santos";
				TargetAttributes = {
					6DE8254B19366304000EDC72 = {
						TestTargetID = 6DE8253019366304000EDC72;
					};
				};
			};
			buildConfigurationList = 6DE8252C19366304000EDC72 /* Build configuration list for PBXProject "Game_of_Life" */;
			compatibilityVersion = "Xcode 3.2";
			developmentRegion = English;
			hasScannedForEncodings = 0;
			knownRegions = (
				en,
			);
			mainGroup = 6DE8252819366304000EDC72;
			productRefGroup = 6DE8253219366304000EDC72 /* Products */;
			projectDirPath = "";
			projectRoot = "";
			targets = (
				6DE8253019366304000EDC72 /* Game_of_Life */,
				6DE8254B19366304000EDC72 /* Game_of_LifeTests */,
			);
		};
/* End PBXProject section */

/* Begin PBXResourcesBuildPhase section */
		6DE8252F19366304000EDC72 /* Resources */ = {
			isa = PBXResourcesBuildPhase;
			buildActionMask = 2147483647;
			files = (
				6DB5B227193CEDEA0028AE8B /* RecompensasViewController.xib in Resources */,
				6DE8253F19366304000EDC72 /* InfoPlist.strings in Resources */,
				878D08F41937D48100D40F7E /* botão começar.png in Resources */,
				878D08F71937D48100D40F7E /* titulo conquistas.png in Resources */,
				878D08F51937D48100D40F7E /* foto.png in Resources */,
				878D08F01937D48100D40F7E /* botão 1 atividades.png in Resources */,
				6DB5B21D193CE78F0028AE8B /* PerfilViewController.xib in Resources */,
				6DB5B222193CECB30028AE8B /* AtividadesViewController.xib in Resources */,
				878D08F61937D48100D40F7E /* fundo.png in Resources */,
				878D08F21937D48100D40F7E /* botão 1 recompensas.png in Resources */,
				878D08F31937D48100D40F7E /* Botão 1 ver conquistas.png in Resources */,
				6DE8254719366304000EDC72 /* Images.xcassets in Resources */,
				878D08F11937D48100D40F7E /* botão 1 perfil.png in Resources */,
			);
			runOnlyForDeploymentPostprocessing = 0;
		};
		6DE8254A19366304000EDC72 /* Resources */ = {
			isa = PBXResourcesBuildPhase;
			buildActionMask = 2147483647;
			files = (
				6DE8255819366304000EDC72 /* InfoPlist.strings in Resources */,
			);
			runOnlyForDeploymentPostprocessing = 0;
		};
/* End PBXResourcesBuildPhase section */

/* Begin PBXSourcesBuildPhase section */
		6DE8252D19366304000EDC72 /* Sources */ = {
			isa = PBXSourcesBuildPhase;
			buildActionMask = 2147483647;
			files = (
				6DB5B226193CEDEA0028AE8B /* RecompensasViewController.m in Sources */,
				6DB5B21C193CE78F0028AE8B /* PerfilViewController.m in Sources */,
				6DE8254519366304000EDC72 /* AppDelegate.m in Sources */,
				6DB5B221193CECB30028AE8B /* AtividadesViewController.m in Sources */,
				6DE8254119366304000EDC72 /* main.m in Sources */,
			);
			runOnlyForDeploymentPostprocessing = 0;
		};
		6DE8254819366304000EDC72 /* Sources */ = {
			isa = PBXSourcesBuildPhase;
			buildActionMask = 2147483647;
			files = (
				6DE8255A19366304000EDC72 /* Game_of_LifeTests.m in Sources */,
			);
			runOnlyForDeploymentPostprocessing = 0;
		};
/* End PBXSourcesBuildPhase section */

/* Begin PBXTargetDependency section */
		6DE8255219366304000EDC72 /* PBXTargetDependency */ = {
			isa = PBXTargetDependency;
			target = 6DE8253019366304000EDC72 /* Game_of_Life */;
			targetProxy = 6DE8255119366304000EDC72 /* PBXContainerItemProxy */;
		};
/* End PBXTargetDependency section */

/* Begin PBXVariantGroup section */
		6DE8253D19366304000EDC72 /* InfoPlist.strings */ = {
			isa = PBXVariantGroup;
			children = (
				6DE8253E19366304000EDC72 /* en */,
			);
			name = InfoPlist.strings;
			sourceTree = "<group>";
		};
		6DE8255619366304000EDC72 /* InfoPlist.strings */ = {
			isa = PBXVariantGroup;
			children = (
				6DE8255719366304000EDC72 /* en */,
			);
			name = InfoPlist.strings;
			sourceTree = "<group>";
		};
/* End PBXVariantGroup section */

/* Begin XCBuildConfiguration section */
		6DE8255B19366304000EDC72 /* Debug */ = {
			isa = XCBuildConfiguration;
			buildSettings = {
				ALWAYS_SEARCH_USER_PATHS = NO;
				CLANG_CXX_LANGUAGE_STANDARD = "gnu++0x";
				CLANG_CXX_LIBRARY = "libc++";
				CLANG_ENABLE_MODULES = YES;
				CLANG_ENABLE_OBJC_ARC = YES;
				CLANG_WARN_BOOL_CONVERSION = YES;
				CLANG_WARN_CONSTANT_CONVERSION = YES;
				CLANG_WARN_DIRECT_OBJC_ISA_USAGE = YES_ERROR;
				CLANG_WARN_EMPTY_BODY = YES;
				CLANG_WARN_ENUM_CONVERSION = YES;
				CLANG_WARN_INT_CONVERSION = YES;
				CLANG_WARN_OBJC_ROOT_CLASS = YES_ERROR;
				CLANG_WARN__DUPLICATE_METHOD_MATCH = YES;
				"CODE_SIGN_IDENTITY[sdk=iphoneos*]" = "iPhone Developer";
				COPY_PHASE_STRIP = NO;
				GCC_C_LANGUAGE_STANDARD = gnu99;
				GCC_DYNAMIC_NO_PIC = NO;
				GCC_OPTIMIZATION_LEVEL = 0;
				GCC_PREPROCESSOR_DEFINITIONS = (
					"DEBUG=1",
					"$(inherited)",
				);
				GCC_SYMBOLS_PRIVATE_EXTERN = NO;
				GCC_WARN_64_TO_32_BIT_CONVERSION = YES;
				GCC_WARN_ABOUT_RETURN_TYPE = YES_ERROR;
				GCC_WARN_UNDECLARED_SELECTOR = YES;
				GCC_WARN_UNINITIALIZED_AUTOS = YES_AGGRESSIVE;
				GCC_WARN_UNUSED_FUNCTION = YES;
				GCC_WARN_UNUSED_VARIABLE = YES;
				IPHONEOS_DEPLOYMENT_TARGET = 7.1;
				ONLY_ACTIVE_ARCH = YES;
				SDKROOT = iphoneos;
				TARGETED_DEVICE_FAMILY = "1,2";
			};
			name = Debug;
		};
		6DE8255C19366304000EDC72 /* Release */ = {
			isa = XCBuildConfiguration;
			buildSettings = {
				ALWAYS_SEARCH_USER_PATHS = NO;
				CLANG_CXX_LANGUAGE_STANDARD = "gnu++0x";
				CLANG_CXX_LIBRARY = "libc++";
				CLANG_ENABLE_MODULES = YES;
				CLANG_ENABLE_OBJC_ARC = YES;
				CLANG_WARN_BOOL_CONVERSION = YES;
				CLANG_WARN_CONSTANT_CONVERSION = YES;
				CLANG_WARN_DIRECT_OBJC_ISA_USAGE = YES_ERROR;
				CLANG_WARN_EMPTY_BODY = YES;
				CLANG_WARN_ENUM_CONVERSION = YES;
				CLANG_WARN_INT_CONVERSION = YES;
				CLANG_WARN_OBJC_ROOT_CLASS = YES_ERROR;
				CLANG_WARN__DUPLICATE_METHOD_MATCH = YES;
				"CODE_SIGN_IDENTITY[sdk=iphoneos*]" = "iPhone Developer";
				COPY_PHASE_STRIP = YES;
				ENABLE_NS_ASSERTIONS = NO;
				GCC_C_LANGUAGE_STANDARD = gnu99;
				GCC_WARN_64_TO_32_BIT_CONVERSION = YES;
				GCC_WARN_ABOUT_RETURN_TYPE = YES_ERROR;
				GCC_WARN_UNDECLARED_SELECTOR = YES;
				GCC_WARN_UNINITIALIZED_AUTOS = YES_AGGRESSIVE;
				GCC_WARN_UNUSED_FUNCTION = YES;
				GCC_WARN_UNUSED_VARIABLE = YES;
				IPHONEOS_DEPLOYMENT_TARGET = 7.1;
				SDKROOT = iphoneos;
				TARGETED_DEVICE_FAMILY = "1,2";
				VALIDATE_PRODUCT = YES;
			};
			name = Release;
		};
		6DE8255E19366304000EDC72 /* Debug */ = {
			isa = XCBuildConfiguration;
			buildSettings = {
				ASSETCATALOG_COMPILER_APPICON_NAME = AppIcon;
				ASSETCATALOG_COMPILER_LAUNCHIMAGE_NAME = LaunchImage;
				GCC_PRECOMPILE_PREFIX_HEADER = YES;
				GCC_PREFIX_HEADER = "Game_of_Life/Game_of_Life-Prefix.pch";
				INFOPLIST_FILE = "Game_of_Life/Game_of_Life-Info.plist";
				PRODUCT_NAME = "$(TARGET_NAME)";
				WRAPPER_EXTENSION = app;
			};
			name = Debug;
		};
		6DE8255F19366304000EDC72 /* Release */ = {
			isa = XCBuildConfiguration;
			buildSettings = {
				ASSETCATALOG_COMPILER_APPICON_NAME = AppIcon;
				ASSETCATALOG_COMPILER_LAUNCHIMAGE_NAME = LaunchImage;
				GCC_PRECOMPILE_PREFIX_HEADER = YES;
				GCC_PREFIX_HEADER = "Game_of_Life/Game_of_Life-Prefix.pch";
				INFOPLIST_FILE = "Game_of_Life/Game_of_Life-Info.plist";
				PRODUCT_NAME = "$(TARGET_NAME)";
				WRAPPER_EXTENSION = app;
			};
			name = Release;
		};
		6DE8256119366304000EDC72 /* Debug */ = {
			isa = XCBuildConfiguration;
			buildSettings = {
				BUNDLE_LOADER = "$(BUILT_PRODUCTS_DIR)/Game_of_Life.app/Game_of_Life";
				FRAMEWORK_SEARCH_PATHS = (
					"$(SDKROOT)/Developer/Library/Frameworks",
					"$(inherited)",
					"$(DEVELOPER_FRAMEWORKS_DIR)",
				);
				GCC_PRECOMPILE_PREFIX_HEADER = YES;
				GCC_PREFIX_HEADER = "Game_of_Life/Game_of_Life-Prefix.pch";
				GCC_PREPROCESSOR_DEFINITIONS = (
					"DEBUG=1",
					"$(inherited)",
				);
				INFOPLIST_FILE = "Game_of_LifeTests/Game_of_LifeTests-Info.plist";
				PRODUCT_NAME = "$(TARGET_NAME)";
				TEST_HOST = "$(BUNDLE_LOADER)";
				WRAPPER_EXTENSION = xctest;
			};
			name = Debug;
		};
		6DE8256219366304000EDC72 /* Release */ = {
			isa = XCBuildConfiguration;
			buildSettings = {
				BUNDLE_LOADER = "$(BUILT_PRODUCTS_DIR)/Game_of_Life.app/Game_of_Life";
				FRAMEWORK_SEARCH_PATHS = (
					"$(SDKROOT)/Developer/Library/Frameworks",
					"$(inherited)",
					"$(DEVELOPER_FRAMEWORKS_DIR)",
				);
				GCC_PRECOMPILE_PREFIX_HEADER = YES;
				GCC_PREFIX_HEADER = "Game_of_Life/Game_of_Life-Prefix.pch";
				INFOPLIST_FILE = "Game_of_LifeTests/Game_of_LifeTests-Info.plist";
				PRODUCT_NAME = "$(TARGET_NAME)";
				TEST_HOST = "$(BUNDLE_LOADER)";
				WRAPPER_EXTENSION = xctest;
			};
			name = Release;
		};
/* End XCBuildConfiguration section */

/* Begin XCConfigurationList section */
		6DE8252C19366304000EDC72 /* Build configuration list for PBXProject "Game_of_Life" */ = {
			isa = XCConfigurationList;
			buildConfigurations = (
				6DE8255B19366304000EDC72 /* Debug */,
				6DE8255C19366304000EDC72 /* Release */,
			);
			defaultConfigurationIsVisible = 0;
			defaultConfigurationName = Release;
		};
		6DE8255D19366304000EDC72 /* Build configuration list for PBXNativeTarget "Game_of_Life" */ = {
			isa = XCConfigurationList;
			buildConfigurations = (
				6DE8255E19366304000EDC72 /* Debug */,
				6DE8255F19366304000EDC72 /* Release */,
			);
			defaultConfigurationIsVisible = 0;
			defaultConfigurationName = Release;
		};
		6DE8256019366304000EDC72 /* Build configuration list for PBXNativeTarget "Game_of_LifeTests" */ = {
			isa = XCConfigurationList;
			buildConfigurations = (
				6DE8256119366304000EDC72 /* Debug */,
				6DE8256219366304000EDC72 /* Release */,
			);
			defaultConfigurationIsVisible = 0;
			defaultConfigurationName = Release;
		};
/* End XCConfigurationList section */
	};
	rootObject = 6DE8252919366304000EDC72 /* Project object */;
}
